
Microsoft Visual Studio Solution File, Format Version 12.00
# Visual Studio Version 16
Project("{8BC9CEB8-8B4A-11D0-8D11-00A0C91BC942}") = "Model", "Model\Model.vcxproj", "{D6F3AE0D-4208-D7BE-0B8A-7A1E775DD3EF}"
EndProject
Global
	GlobalSection(SolutionConfigurationPlatforms) = preSolution
		Debug|x64 = Debug|x64
		Dist|x64 = Dist|x64
		Release|x64 = Release|x64
	EndGlobalSection
	GlobalSection(ProjectConfigurationPlatforms) = postSolution
		{D6F3AE0D-4208-D7BE-0B8A-7A1E775DD3EF}.Debug|x64.ActiveCfg = Debug|x64
		{D6F3AE0D-4208-D7BE-0B8A-7A1E775DD3EF}.Debug|x64.Build.0 = Debug|x64
		{D6F3AE0D-4208-D7BE-0B8A-7A1E775DD3EF}.Dist|x64.ActiveCfg = Dist|x64
		{D6F3AE0D-4208-D7BE-0B8A-7A1E775DD3EF}.Dist|x64.Build.0 = Dist|x64
		{D6F3AE0D-4208-D7BE-0B8A-7A1E775DD3EF}.Release|x64.ActiveCfg = Release|x64
		{D6F3AE0D-4208-D7BE-0B8A-7A1E775DD3EF}.Release|x64.Build.0 = Release|x64
	EndGlobalSection
	GlobalSection(SolutionProperties) = preSolution
		HideSolutionNode = FALSE
	EndGlobalSection
EndGlobal
