
Microsoft Visual Studio Solution File, Format Version 12.00
# Visual Studio Version 16
Project("{8BC9CEB8-8B4A-11D0-8D11-00A0C91BC942}") = "DeeperOpenGLm", "DeeperOpenGL\DeeperOpenGLm.vcxproj", "{2CD0B52C-9890-3163-61CB-7AE0CD4A763F}"
EndProject
Project("{8BC9CEB8-8B4A-11D0-8D11-00A0C91BC942}") = "Glad", "D:\openglEnv\GLAD\Glad.vcxproj", "{BDD6857C-A90D-870D-52FA-6C103E10030F}"
EndProject
Global
	GlobalSection(SolutionConfigurationPlatforms) = preSolution
		Debug|x64 = Debug|x64
		Dist|x64 = Dist|x64
		Release|x64 = Release|x64
	EndGlobalSection
	GlobalSection(ProjectConfigurationPlatforms) = postSolution
		{2CD0B52C-9890-3163-61CB-7AE0CD4A763F}.Debug|x64.ActiveCfg = Debug|x64
		{2CD0B52C-9890-3163-61CB-7AE0CD4A763F}.Debug|x64.Build.0 = Debug|x64
		{2CD0B52C-9890-3163-61CB-7AE0CD4A763F}.Dist|x64.ActiveCfg = Dist|x64
		{2CD0B52C-9890-3163-61CB-7AE0CD4A763F}.Dist|x64.Build.0 = Dist|x64
		{2CD0B52C-9890-3163-61CB-7AE0CD4A763F}.Release|x64.ActiveCfg = Release|x64
		{2CD0B52C-9890-3163-61CB-7AE0CD4A763F}.Release|x64.Build.0 = Release|x64
		{BDD6857C-A90D-870D-52FA-6C103E10030F}.Debug|x64.ActiveCfg = Debug|x64
		{BDD6857C-A90D-870D-52FA-6C103E10030F}.Debug|x64.Build.0 = Debug|x64
		{BDD6857C-A90D-870D-52FA-6C103E10030F}.Dist|x64.ActiveCfg = Dist|x64
		{BDD6857C-A90D-870D-52FA-6C103E10030F}.Dist|x64.Build.0 = Dist|x64
		{BDD6857C-A90D-870D-52FA-6C103E10030F}.Release|x64.ActiveCfg = Release|x64
		{BDD6857C-A90D-870D-52FA-6C103E10030F}.Release|x64.Build.0 = Release|x64
	EndGlobalSection
	GlobalSection(SolutionProperties) = preSolution
		HideSolutionNode = FALSE
	EndGlobalSection
EndGlobal
